
Microsoft Visual Studio Solution File, Format Version 12.00
# Visual Studio Version 17
VisualStudioVersion = 17.7.34031.279
MinimumVisualStudioVersion = 10.0.40219.1
Project("{8BC9CEB8-8B4A-11D0-8D11-00A0C91BC942}") = "2023.10.08.05", "2023.10.08.05\2023.10.08.05.vcxproj", "{41607B37-7FF7-4E94-B99B-BA6D3A582267}"
EndProject
Global
	GlobalSection(SolutionConfigurationPlatforms) = preSolution
		Debug|x64 = Debug|x64
		Debug|x86 = Debug|x86
		Release|x64 = Release|x64
		Release|x86 = Release|x86
	EndGlobalSection
	GlobalSection(ProjectConfigurationPlatforms) = postSolution
		{41607B37-7FF7-4E94-B99B-BA6D3A582267}.Debug|x64.ActiveCfg = Debug|x64
		{41607B37-7FF7-4E94-B99B-BA6D3A582267}.Debug|x64.Build.0 = Debug|x64
		{41607B37-7FF7-4E94-B99B-BA6D3A582267}.Debug|x86.ActiveCfg = Debug|Win32
		{41607B37-7FF7-4E94-B99B-BA6D3A582267}.Debug|x86.Build.0 = Debug|Win32
		{41607B37-7FF7-4E94-B99B-BA6D3A582267}.Release|x64.ActiveCfg = Release|x64
		{41607B37-7FF7-4E94-B99B-BA6D3A582267}.Release|x64.Build.0 = Release|x64
		{41607B37-7FF7-4E94-B99B-BA6D3A582267}.Release|x86.ActiveCfg = Release|Win32
		{41607B37-7FF7-4E94-B99B-BA6D3A582267}.Release|x86.Build.0 = Release|Win32
	EndGlobalSection
	GlobalSection(SolutionProperties) = preSolution
		HideSolutionNode = FALSE
	EndGlobalSection
	GlobalSection(ExtensibilityGlobals) = postSolution
		SolutionGuid = {6D5B552D-1D5E-415C-9BB5-413D9F8C0A96}
	EndGlobalSection
EndGlobal
